
Microsoft Visual Studio Solution File, Format Version 12.00
# Visual Studio 2013
VisualStudioVersion = 12.0.30110.0
MinimumVisualStudioVersion = 10.0.40219.1
Project("{FAE04EC0-301F-11D3-BF4B-00C04F79EFBC}") = "HireSpace.DevDashboard", "HireSpace.DevDashboard\HireSpace.DevDashboard.csproj", "{190C0C69-9EC6-441D-A6F0-4D273E648A57}"
EndProject
Global
	GlobalSection(TeamFoundationVersionControl) = preSolution
		SccNumberOfProjects = 2
		SccEnterpriseProvider = {4CA58AB2-18FA-4F8D-95D4-32DDF27D184C}
		SccTeamFoundationServer = https://hirespace.visualstudio.com/defaultcollection
		SccLocalPath0 = .
		SccProjectUniqueName1 = HireSpace.DevDashboard\\HireSpace.DevDashboard.csproj
		SccProjectName1 = HireSpace.DevDashboard
		SccLocalPath1 = HireSpace.DevDashboard
	EndGlobalSection
	GlobalSection(SolutionConfigurationPlatforms) = preSolution
		Debug|Any CPU = Debug|Any CPU
		Release|Any CPU = Release|Any CPU
	EndGlobalSection
	GlobalSection(ProjectConfigurationPlatforms) = postSolution
		{190C0C69-9EC6-441D-A6F0-4D273E648A57}.Debug|Any CPU.ActiveCfg = Debug|Any CPU
		{190C0C69-9EC6-441D-A6F0-4D273E648A57}.Debug|Any CPU.Build.0 = Debug|Any CPU
		{190C0C69-9EC6-441D-A6F0-4D273E648A57}.Release|Any CPU.ActiveCfg = Release|Any CPU
		{190C0C69-9EC6-441D-A6F0-4D273E648A57}.Release|Any CPU.Build.0 = Release|Any CPU
	EndGlobalSection
	GlobalSection(SolutionProperties) = preSolution
		HideSolutionNode = FALSE
	EndGlobalSection
EndGlobal
